
Microsoft Visual Studio Solution File, Format Version 12.00
# Visual Studio Version 17
VisualStudioVersion = 17.6.33801.468
MinimumVisualStudioVersion = 10.0.40219.1
Project("{FAE04EC0-301F-11D3-BF4B-00C04F79EFBC}") = "ConsoleApp101", "ConsoleApp101.csproj", "{B77E7F84-72AC-47E2-B2DB-98FC878DF335}"
EndProject
Global
	GlobalSection(SolutionConfigurationPlatforms) = preSolution
		Debug|Any CPU = Debug|Any CPU
		Release|Any CPU = Release|Any CPU
	EndGlobalSection
	GlobalSection(ProjectConfigurationPlatforms) = postSolution
		{B77E7F84-72AC-47E2-B2DB-98FC878DF335}.Debug|Any CPU.ActiveCfg = Debug|Any CPU
		{B77E7F84-72AC-47E2-B2DB-98FC878DF335}.Debug|Any CPU.Build.0 = Debug|Any CPU
		{B77E7F84-72AC-47E2-B2DB-98FC878DF335}.Release|Any CPU.ActiveCfg = Release|Any CPU
		{B77E7F84-72AC-47E2-B2DB-98FC878DF335}.Release|Any CPU.Build.0 = Release|Any CPU
	EndGlobalSection
	GlobalSection(SolutionProperties) = preSolution
		HideSolutionNode = FALSE
	EndGlobalSection
	GlobalSection(ExtensibilityGlobals) = postSolution
		SolutionGuid = {31A4542C-635C-4586-8F2C-5B5287741740}
	EndGlobalSection
EndGlobal
