
Microsoft Visual Studio Solution File, Format Version 12.00
# Visual Studio Version 17
VisualStudioVersion = 17.6.33801.468
MinimumVisualStudioVersion = 10.0.40219.1
Project("{FAE04EC0-301F-11D3-BF4B-00C04F79EFBC}") = "Downcast and Inheritance", "Downcast and Inheritance.csproj", "{8667360B-4C09-4C8B-838D-4413E030294A}"
EndProject
Global
	GlobalSection(SolutionConfigurationPlatforms) = preSolution
		Debug|Any CPU = Debug|Any CPU
		Release|Any CPU = Release|Any CPU
	EndGlobalSection
	GlobalSection(ProjectConfigurationPlatforms) = postSolution
		{8667360B-4C09-4C8B-838D-4413E030294A}.Debug|Any CPU.ActiveCfg = Debug|Any CPU
		{8667360B-4C09-4C8B-838D-4413E030294A}.Debug|Any CPU.Build.0 = Debug|Any CPU
		{8667360B-4C09-4C8B-838D-4413E030294A}.Release|Any CPU.ActiveCfg = Release|Any CPU
		{8667360B-4C09-4C8B-838D-4413E030294A}.Release|Any CPU.Build.0 = Release|Any CPU
	EndGlobalSection
	GlobalSection(SolutionProperties) = preSolution
		HideSolutionNode = FALSE
	EndGlobalSection
	GlobalSection(ExtensibilityGlobals) = postSolution
		SolutionGuid = {A0A4E5C7-8C86-47D1-92C2-49C8E96C83D9}
	EndGlobalSection
EndGlobal
