
Microsoft Visual Studio Solution File, Format Version 12.00
# Visual Studio Version 17
VisualStudioVersion = 17.6.33801.468
MinimumVisualStudioVersion = 10.0.40219.1
Project("{FAE04EC0-301F-11D3-BF4B-00C04F79EFBC}") = "ConsoleApp110", "ConsoleApp110.csproj", "{9AE08C42-E134-476C-AE78-B0F594492E2E}"
EndProject
Global
	GlobalSection(SolutionConfigurationPlatforms) = preSolution
		Debug|Any CPU = Debug|Any CPU
		Release|Any CPU = Release|Any CPU
	EndGlobalSection
	GlobalSection(ProjectConfigurationPlatforms) = postSolution
		{9AE08C42-E134-476C-AE78-B0F594492E2E}.Debug|Any CPU.ActiveCfg = Debug|Any CPU
		{9AE08C42-E134-476C-AE78-B0F594492E2E}.Debug|Any CPU.Build.0 = Debug|Any CPU
		{9AE08C42-E134-476C-AE78-B0F594492E2E}.Release|Any CPU.ActiveCfg = Release|Any CPU
		{9AE08C42-E134-476C-AE78-B0F594492E2E}.Release|Any CPU.Build.0 = Release|Any CPU
	EndGlobalSection
	GlobalSection(SolutionProperties) = preSolution
		HideSolutionNode = FALSE
	EndGlobalSection
	GlobalSection(ExtensibilityGlobals) = postSolution
		SolutionGuid = {CBC3177C-94D7-4E20-9401-6CE2FA022A62}
	EndGlobalSection
EndGlobal
