
Microsoft Visual Studio Solution File, Format Version 12.00
# Visual Studio Version 17
VisualStudioVersion = 17.6.33801.468
MinimumVisualStudioVersion = 10.0.40219.1
Project("{FAE04EC0-301F-11D3-BF4B-00C04F79EFBC}") = "ConsoleApp100", "ConsoleApp100.csproj", "{F398BF87-BFDB-4DA3-818D-EF368D37A18C}"
EndProject
Global
	GlobalSection(SolutionConfigurationPlatforms) = preSolution
		Debug|Any CPU = Debug|Any CPU
		Release|Any CPU = Release|Any CPU
	EndGlobalSection
	GlobalSection(ProjectConfigurationPlatforms) = postSolution
		{F398BF87-BFDB-4DA3-818D-EF368D37A18C}.Debug|Any CPU.ActiveCfg = Debug|Any CPU
		{F398BF87-BFDB-4DA3-818D-EF368D37A18C}.Debug|Any CPU.Build.0 = Debug|Any CPU
		{F398BF87-BFDB-4DA3-818D-EF368D37A18C}.Release|Any CPU.ActiveCfg = Release|Any CPU
		{F398BF87-BFDB-4DA3-818D-EF368D37A18C}.Release|Any CPU.Build.0 = Release|Any CPU
	EndGlobalSection
	GlobalSection(SolutionProperties) = preSolution
		HideSolutionNode = FALSE
	EndGlobalSection
	GlobalSection(ExtensibilityGlobals) = postSolution
		SolutionGuid = {497825BB-02E1-4C9E-8D3E-6E36BA5A2545}
	EndGlobalSection
EndGlobal
